
Microsoft Visual Studio Solution File, Format Version 12.00
# Visual Studio Version 17
VisualStudioVersion = 17.11.35303.130
MinimumVisualStudioVersion = 10.0.40219.1
Project("{FAE04EC0-301F-11D3-BF4B-00C04F79EFBC}") = "HW2", "HW2\HW2.csproj", "{6E55D5AA-FF45-4292-A20F-8995F3E33545}"
EndProject
Project("{FAE04EC0-301F-11D3-BF4B-00C04F79EFBC}") = "HW2Tests", "HW2Tests\HW2Tests.csproj", "{7C80B108-B663-4FCC-AAEB-07256BACEEE5}"
EndProject
Global
	GlobalSection(SolutionConfigurationPlatforms) = preSolution
		Debug|Any CPU = Debug|Any CPU
		Release|Any CPU = Release|Any CPU
	EndGlobalSection
	GlobalSection(ProjectConfigurationPlatforms) = postSolution
		{6E55D5AA-FF45-4292-A20F-8995F3E33545}.Debug|Any CPU.ActiveCfg = Debug|Any CPU
		{6E55D5AA-FF45-4292-A20F-8995F3E33545}.Debug|Any CPU.Build.0 = Debug|Any CPU
		{6E55D5AA-FF45-4292-A20F-8995F3E33545}.Release|Any CPU.ActiveCfg = Release|Any CPU
		{6E55D5AA-FF45-4292-A20F-8995F3E33545}.Release|Any CPU.Build.0 = Release|Any CPU
		{7C80B108-B663-4FCC-AAEB-07256BACEEE5}.Debug|Any CPU.ActiveCfg = Debug|Any CPU
		{7C80B108-B663-4FCC-AAEB-07256BACEEE5}.Debug|Any CPU.Build.0 = Debug|Any CPU
		{7C80B108-B663-4FCC-AAEB-07256BACEEE5}.Release|Any CPU.ActiveCfg = Release|Any CPU
		{7C80B108-B663-4FCC-AAEB-07256BACEEE5}.Release|Any CPU.Build.0 = Release|Any CPU
	EndGlobalSection
	GlobalSection(SolutionProperties) = preSolution
		HideSolutionNode = FALSE
	EndGlobalSection
	GlobalSection(ExtensibilityGlobals) = postSolution
		SolutionGuid = {D9293CA1-83A1-4762-8906-36DB39EE0FB6}
	EndGlobalSection
EndGlobal
